
Microsoft Visual Studio Solution File, Format Version 12.00
# Visual Studio Version 16
VisualStudioVersion = 16.0.28803.202
MinimumVisualStudioVersion = 10.0.40219.1
Project("{FAE04EC0-301F-11D3-BF4B-00C04F79EFBC}") = "Scheduling Solution", "Scheduling Solution\Scheduling Solution.csproj", "{50B6E584-BB4F-46C3-8A0A-AFCCF6449224}"
EndProject
Project("{FAE04EC0-301F-11D3-BF4B-00C04F79EFBC}") = "DBLogic", "DBLogic\DBLogic.csproj", "{6650D407-1331-48AA-A59F-15CA2E069C95}"
EndProject
Global
	GlobalSection(SolutionConfigurationPlatforms) = preSolution
		Debug|Any CPU = Debug|Any CPU
		Release|Any CPU = Release|Any CPU
	EndGlobalSection
	GlobalSection(ProjectConfigurationPlatforms) = postSolution
		{50B6E584-BB4F-46C3-8A0A-AFCCF6449224}.Debug|Any CPU.ActiveCfg = Debug|Any CPU
		{50B6E584-BB4F-46C3-8A0A-AFCCF6449224}.Debug|Any CPU.Build.0 = Debug|Any CPU
		{50B6E584-BB4F-46C3-8A0A-AFCCF6449224}.Release|Any CPU.ActiveCfg = Release|Any CPU
		{50B6E584-BB4F-46C3-8A0A-AFCCF6449224}.Release|Any CPU.Build.0 = Release|Any CPU
		{6650D407-1331-48AA-A59F-15CA2E069C95}.Debug|Any CPU.ActiveCfg = Debug|Any CPU
		{6650D407-1331-48AA-A59F-15CA2E069C95}.Debug|Any CPU.Build.0 = Debug|Any CPU
		{6650D407-1331-48AA-A59F-15CA2E069C95}.Release|Any CPU.ActiveCfg = Release|Any CPU
		{6650D407-1331-48AA-A59F-15CA2E069C95}.Release|Any CPU.Build.0 = Release|Any CPU
	EndGlobalSection
	GlobalSection(SolutionProperties) = preSolution
		HideSolutionNode = FALSE
	EndGlobalSection
	GlobalSection(ExtensibilityGlobals) = postSolution
		SolutionGuid = {7C91CF94-9F91-45CF-82DC-BEBF687A2E7D}
	EndGlobalSection
EndGlobal
